
Microsoft Visual Studio Solution File, Format Version 12.00
Project("{2150E333-8FDC-42A3-9474-1A3956D46DE8}") = "tests", "tests", "{2462186B-61A8-476C-9674-176570BBEC35}"
EndProject
Project("{2150E333-8FDC-42A3-9474-1A3956D46DE8}") = "src", "src", "{47CEB49C-56A9-4BDF-BC66-54E407391D49}"
EndProject
Project("{FAE04EC0-301F-11D3-BF4B-00C04F79EFBC}") = "Zitadel", "src\Zitadel\Zitadel.csproj", "{F6769E50-6690-4E96-8DD7-EA4EB4CDA91C}"
EndProject
Project("{2150E333-8FDC-42A3-9474-1A3956D46DE8}") = "solution", "solution", "{4533ABEB-FB66-4EF8-95D5-FD7F624A95EB}"
ProjectSection(SolutionItems) = preProject
	LICENSE = LICENSE
	README.md = README.md
EndProjectSection
EndProject
Project("{2150E333-8FDC-42A3-9474-1A3956D46DE8}") = "config", "config", "{2342B4AF-413F-4A67-80D5-3EDEF2DA435F}"
ProjectSection(SolutionItems) = preProject
	.gitignore = .gitignore
	config\CodeAnalysis.targets = config\CodeAnalysis.targets
	config\Common.targets = config\Common.targets
	config\project.ruleset = config\project.ruleset
	config\stylecop.json = config\stylecop.json
	.releaserc.json = .releaserc.json
	.gitmodules = .gitmodules
	renovate.json = renovate.json
EndProjectSection
EndProject
Project("{FAE04EC0-301F-11D3-BF4B-00C04F79EFBC}") = "Zitadel.Test", "tests\Zitadel.Test\Zitadel.Test.csproj", "{44543DC1-97C5-4525-8EE4-16E5389FDF4E}"
EndProject
Project("{FAE04EC0-301F-11D3-BF4B-00C04F79EFBC}") = "Zitadel.Grpc", "src\Zitadel.Grpc\Zitadel.Grpc.csproj", "{78335CF5-C1F0-47D4-A8D1-17FC808FAF50}"
EndProject
Project("{2150E333-8FDC-42A3-9474-1A3956D46DE8}") = "examples", "examples", "{F64814BA-005A-42D8-953C-676D9F814408}"
EndProject
Project("{FAE04EC0-301F-11D3-BF4B-00C04F79EFBC}") = "Zitadel.AspNet.AuthN", "examples\Zitadel.AspNet.AuthN\Zitadel.AspNet.AuthN.csproj", "{17758FFE-92C6-42D0-917B-EDF11F64BBAA}"
EndProject
Project("{FAE04EC0-301F-11D3-BF4B-00C04F79EFBC}") = "Zitadel.ApiAccess", "examples\Zitadel.ApiAccess\Zitadel.ApiAccess.csproj", "{5D1B3EA7-ED4F-401C-9362-D825A074CA50}"
EndProject
Project("{FAE04EC0-301F-11D3-BF4B-00C04F79EFBC}") = "Zitadel.WebApi", "examples\Zitadel.WebApi\Zitadel.WebApi.csproj", "{48F68486-4E14-417E-B75D-DECF1ED576A5}"
EndProject
Global
	GlobalSection(SolutionConfigurationPlatforms) = preSolution
		Debug|Any CPU = Debug|Any CPU
		Release|Any CPU = Release|Any CPU
	EndGlobalSection
	GlobalSection(NestedProjects) = preSolution
		{F6769E50-6690-4E96-8DD7-EA4EB4CDA91C} = {47CEB49C-56A9-4BDF-BC66-54E407391D49}
		{44543DC1-97C5-4525-8EE4-16E5389FDF4E} = {2462186B-61A8-476C-9674-176570BBEC35}
		{78335CF5-C1F0-47D4-A8D1-17FC808FAF50} = {47CEB49C-56A9-4BDF-BC66-54E407391D49}
		{17758FFE-92C6-42D0-917B-EDF11F64BBAA} = {F64814BA-005A-42D8-953C-676D9F814408}
		{5D1B3EA7-ED4F-401C-9362-D825A074CA50} = {F64814BA-005A-42D8-953C-676D9F814408}
		{48F68486-4E14-417E-B75D-DECF1ED576A5} = {F64814BA-005A-42D8-953C-676D9F814408}
	EndGlobalSection
	GlobalSection(ProjectConfigurationPlatforms) = postSolution
		{F6769E50-6690-4E96-8DD7-EA4EB4CDA91C}.Debug|Any CPU.ActiveCfg = Debug|Any CPU
		{F6769E50-6690-4E96-8DD7-EA4EB4CDA91C}.Debug|Any CPU.Build.0 = Debug|Any CPU
		{F6769E50-6690-4E96-8DD7-EA4EB4CDA91C}.Release|Any CPU.ActiveCfg = Release|Any CPU
		{F6769E50-6690-4E96-8DD7-EA4EB4CDA91C}.Release|Any CPU.Build.0 = Release|Any CPU
		{44543DC1-97C5-4525-8EE4-16E5389FDF4E}.Debug|Any CPU.ActiveCfg = Debug|Any CPU
		{44543DC1-97C5-4525-8EE4-16E5389FDF4E}.Debug|Any CPU.Build.0 = Debug|Any CPU
		{44543DC1-97C5-4525-8EE4-16E5389FDF4E}.Release|Any CPU.ActiveCfg = Release|Any CPU
		{44543DC1-97C5-4525-8EE4-16E5389FDF4E}.Release|Any CPU.Build.0 = Release|Any CPU
		{78335CF5-C1F0-47D4-A8D1-17FC808FAF50}.Debug|Any CPU.ActiveCfg = Debug|Any CPU
		{78335CF5-C1F0-47D4-A8D1-17FC808FAF50}.Debug|Any CPU.Build.0 = Debug|Any CPU
		{78335CF5-C1F0-47D4-A8D1-17FC808FAF50}.Release|Any CPU.ActiveCfg = Release|Any CPU
		{78335CF5-C1F0-47D4-A8D1-17FC808FAF50}.Release|Any CPU.Build.0 = Release|Any CPU
		{17758FFE-92C6-42D0-917B-EDF11F64BBAA}.Debug|Any CPU.ActiveCfg = Debug|Any CPU
		{17758FFE-92C6-42D0-917B-EDF11F64BBAA}.Debug|Any CPU.Build.0 = Debug|Any CPU
		{17758FFE-92C6-42D0-917B-EDF11F64BBAA}.Release|Any CPU.ActiveCfg = Release|Any CPU
		{17758FFE-92C6-42D0-917B-EDF11F64BBAA}.Release|Any CPU.Build.0 = Release|Any CPU
		{5D1B3EA7-ED4F-401C-9362-D825A074CA50}.Debug|Any CPU.ActiveCfg = Debug|Any CPU
		{5D1B3EA7-ED4F-401C-9362-D825A074CA50}.Debug|Any CPU.Build.0 = Debug|Any CPU
		{5D1B3EA7-ED4F-401C-9362-D825A074CA50}.Release|Any CPU.ActiveCfg = Release|Any CPU
		{5D1B3EA7-ED4F-401C-9362-D825A074CA50}.Release|Any CPU.Build.0 = Release|Any CPU
		{48F68486-4E14-417E-B75D-DECF1ED576A5}.Debug|Any CPU.ActiveCfg = Debug|Any CPU
		{48F68486-4E14-417E-B75D-DECF1ED576A5}.Debug|Any CPU.Build.0 = Debug|Any CPU
		{48F68486-4E14-417E-B75D-DECF1ED576A5}.Release|Any CPU.ActiveCfg = Release|Any CPU
		{48F68486-4E14-417E-B75D-DECF1ED576A5}.Release|Any CPU.Build.0 = Release|Any CPU
	EndGlobalSection
EndGlobal
